// !$*UTF8*$!
{
	archiveVersion = 1;
	classes = {
	};
	objectVersion = 56;
	objects = {

/* Begin PBXBuildFile section */
		C41094AA2BE2C67B00E92219 /* ProductDetailViewModel.swift in Sources */ = {isa = PBXBuildFile; fileRef = C41094A92BE2C67B00E92219 /* ProductDetailViewModel.swift */; };
		C41094AC2BE2F2C400E92219 /* CartViewModel.swift in Sources */ = {isa = PBXBuildFile; fileRef = C41094AB2BE2F2C400E92219 /* CartViewModel.swift */; };
		C41094AE2BE2F2FE00E92219 /* Position.swift in Sources */ = {isa = PBXBuildFile; fileRef = C41094AD2BE2F2FE00E92219 /* Position.swift */; };
		C41094B02BE4077B00E92219 /* PositionCell.swift in Sources */ = {isa = PBXBuildFile; fileRef = C41094AF2BE4077B00E92219 /* PositionCell.swift */; };
		C41094B22BE428C800E92219 /* GoogleService-Info.plist in Resources */ = {isa = PBXBuildFile; fileRef = C41094B12BE428C800E92219 /* GoogleService-Info.plist */; };
		C41094B62BE42B0D00E92219 /* FirebaseAuth in Frameworks */ = {isa = PBXBuildFile; productRef = C41094B52BE42B0D00E92219 /* FirebaseAuth */; };
		C41094B82BE42B0D00E92219 /* FirebaseFirestore in Frameworks */ = {isa = PBXBuildFile; productRef = C41094B72BE42B0D00E92219 /* FirebaseFirestore */; };
		C41094BA2BE42B0D00E92219 /* FirebaseStorage in Frameworks */ = {isa = PBXBuildFile; productRef = C41094B92BE42B0D00E92219 /* FirebaseStorage */; };
		C41094BC2BE42CF900E92219 /* AuthService.swift in Sources */ = {isa = PBXBuildFile; fileRef = C41094BB2BE42CF900E92219 /* AuthService.swift */; };
		C41094BF2BE4339B00E92219 /* MainTabBarViewModel.swift in Sources */ = {isa = PBXBuildFile; fileRef = C41094BE2BE4339B00E92219 /* MainTabBarViewModel.swift */; };
		C41094C12BE4359200E92219 /* MBUser.swift in Sources */ = {isa = PBXBuildFile; fileRef = C41094C02BE4359200E92219 /* MBUser.swift */; };
		C41094C32BE4368A00E92219 /* DatabaseService.swift in Sources */ = {isa = PBXBuildFile; fileRef = C41094C22BE4368A00E92219 /* DatabaseService.swift */; };
		C41094C52BE56B5300E92219 /* ProfileViewModel.swift in Sources */ = {isa = PBXBuildFile; fileRef = C41094C42BE56B5300E92219 /* ProfileViewModel.swift */; };
		C41094C72BE6024400E92219 /* Order.swift in Sources */ = {isa = PBXBuildFile; fileRef = C41094C62BE6024400E92219 /* Order.swift */; };
		C41094C92BE609D300E92219 /* Status.swift in Sources */ = {isa = PBXBuildFile; fileRef = C41094C82BE609D300E92219 /* Status.swift */; };
		C4874F9F2BE6D34500DA80F1 /* OrderCell.swift in Sources */ = {isa = PBXBuildFile; fileRef = C4874F9E2BE6D34400DA80F1 /* OrderCell.swift */; };
		C4874FA12BE80DAE00DA80F1 /* AdminOrdersView.swift in Sources */ = {isa = PBXBuildFile; fileRef = C4874FA02BE80DAE00DA80F1 /* AdminOrdersView.swift */; };
		C4874FA42BE80EB700DA80F1 /* AdminOrdersViewModel.swift in Sources */ = {isa = PBXBuildFile; fileRef = C4874FA32BE80EB700DA80F1 /* AdminOrdersViewModel.swift */; };
		C4874FA62BE8107600DA80F1 /* OrderView.swift in Sources */ = {isa = PBXBuildFile; fileRef = C4874FA52BE8107600DA80F1 /* OrderView.swift */; };
		C4874FA82BE8108D00DA80F1 /* OrderViewModel.swift in Sources */ = {isa = PBXBuildFile; fileRef = C4874FA72BE8108D00DA80F1 /* OrderViewModel.swift */; };
		C4874FAB2BE8227100DA80F1 /* ImagePicker.swift in Sources */ = {isa = PBXBuildFile; fileRef = C4874FAA2BE8227100DA80F1 /* ImagePicker.swift */; };
		C4874FAD2BE8246C00DA80F1 /* AddProductView.swift in Sources */ = {isa = PBXBuildFile; fileRef = C4874FAC2BE8246C00DA80F1 /* AddProductView.swift */; };
		C4874FAF2BE82CDA00DA80F1 /* StorageService.swift in Sources */ = {isa = PBXBuildFile; fileRef = C4874FAE2BE82CDA00DA80F1 /* StorageService.swift */; };
		C4D5A2B22BE1429D0078DC55 /* CakeShopApp.swift in Sources */ = {isa = PBXBuildFile; fileRef = C4D5A2B12BE1429D0078DC55 /* CakeShopApp.swift */; };
		C4D5A2B42BE1429D0078DC55 /* AuthView.swift in Sources */ = {isa = PBXBuildFile; fileRef = C4D5A2B32BE1429D0078DC55 /* AuthView.swift */; };
		C4D5A2B62BE1429F0078DC55 /* Assets.xcassets in Resources */ = {isa = PBXBuildFile; fileRef = C4D5A2B52BE1429F0078DC55 /* Assets.xcassets */; };
		C4D5A2B92BE1429F0078DC55 /* Preview Assets.xcassets in Resources */ = {isa = PBXBuildFile; fileRef = C4D5A2B82BE1429F0078DC55 /* Preview Assets.xcassets */; };
		C4D5A2C62BE1743F0078DC55 /* MainTabBar.swift in Sources */ = {isa = PBXBuildFile; fileRef = C4D5A2C52BE1743F0078DC55 /* MainTabBar.swift */; };
		C4D5A2C82BE17AC80078DC55 /* CatalogView.swift in Sources */ = {isa = PBXBuildFile; fileRef = C4D5A2C72BE17AC80078DC55 /* CatalogView.swift */; };
		C4D5A2CA2BE17AE60078DC55 /* CartView.swift in Sources */ = {isa = PBXBuildFile; fileRef = C4D5A2C92BE17AE60078DC55 /* CartView.swift */; };
		C4D5A2CC2BE17AF80078DC55 /* ProfileView.swift in Sources */ = {isa = PBXBuildFile; fileRef = C4D5A2CB2BE17AF80078DC55 /* ProfileView.swift */; };
		C4D5A2CF2BE17EE20078DC55 /* Product.swift in Sources */ = {isa = PBXBuildFile; fileRef = C4D5A2CE2BE17EE20078DC55 /* Product.swift */; };
		C4D5A2D12BE17FAE0078DC55 /* ProductCell.swift in Sources */ = {isa = PBXBuildFile; fileRef = C4D5A2D02BE17FAE0078DC55 /* ProductCell.swift */; };
		C4D5A2D52BE184AC0078DC55 /* CatalogViewModel.swift in Sources */ = {isa = PBXBuildFile; fileRef = C4D5A2D42BE184AC0078DC55 /* CatalogViewModel.swift */; };
		C4D5A2D82BE187A90078DC55 /* ProductDetailView.swift in Sources */ = {isa = PBXBuildFile; fileRef = C4D5A2D72BE187A90078DC55 /* ProductDetailView.swift */; };
		C4D5A2DA2BE18AF50078DC55 /* ProductFilterCell.swift in Sources */ = {isa = PBXBuildFile; fileRef = C4D5A2D92BE18AF50078DC55 /* ProductFilterCell.swift */; };
		C4D5A2DC2BE18B190078DC55 /* Filter.swift in Sources */ = {isa = PBXBuildFile; fileRef = C4D5A2DB2BE18B190078DC55 /* Filter.swift */; };
		C4D5A2DE2BE195EA0078DC55 /* Discount.swift in Sources */ = {isa = PBXBuildFile; fileRef = C4D5A2DD2BE195EA0078DC55 /* Discount.swift */; };
		C4D5A2E02BE1961A0078DC55 /* DiscountCell.swift in Sources */ = {isa = PBXBuildFile; fileRef = C4D5A2DF2BE1961A0078DC55 /* DiscountCell.swift */; };
		C4D5A2E22BE1A54D0078DC55 /* DiscountDetailView.swift in Sources */ = {isa = PBXBuildFile; fileRef = C4D5A2E12BE1A54C0078DC55 /* DiscountDetailView.swift */; };
/* End PBXBuildFile section */

/* Begin PBXFileReference section */
		C41094A92BE2C67B00E92219 /* ProductDetailViewModel.swift */ = {isa = PBXFileReference; lastKnownFileType = sourcecode.swift; path = ProductDetailViewModel.swift; sourceTree = "<group>"; };
		C41094AB2BE2F2C400E92219 /* CartViewModel.swift */ = {isa = PBXFileReference; lastKnownFileType = sourcecode.swift; path = CartViewModel.swift; sourceTree = "<group>"; };
		C41094AD2BE2F2FE00E92219 /* Position.swift */ = {isa = PBXFileReference; lastKnownFileType = sourcecode.swift; path = Position.swift; sourceTree = "<group>"; };
		C41094AF2BE4077B00E92219 /* PositionCell.swift */ = {isa = PBXFileReference; lastKnownFileType = sourcecode.swift; path = PositionCell.swift; sourceTree = "<group>"; };
		C41094B12BE428C800E92219 /* GoogleService-Info.plist */ = {isa = PBXFileReference; fileEncoding = 4; lastKnownFileType = text.plist.xml; path = "GoogleService-Info.plist"; sourceTree = "<group>"; };
		C41094BB2BE42CF900E92219 /* AuthService.swift */ = {isa = PBXFileReference; lastKnownFileType = sourcecode.swift; path = AuthService.swift; sourceTree = "<group>"; };
		C41094BE2BE4339B00E92219 /* MainTabBarViewModel.swift */ = {isa = PBXFileReference; lastKnownFileType = sourcecode.swift; path = MainTabBarViewModel.swift; sourceTree = "<group>"; };
		C41094C02BE4359200E92219 /* MBUser.swift */ = {isa = PBXFileReference; lastKnownFileType = sourcecode.swift; path = MBUser.swift; sourceTree = "<group>"; };
		C41094C22BE4368A00E92219 /* DatabaseService.swift */ = {isa = PBXFileReference; lastKnownFileType = sourcecode.swift; path = DatabaseService.swift; sourceTree = "<group>"; };
		C41094C42BE56B5300E92219 /* ProfileViewModel.swift */ = {isa = PBXFileReference; lastKnownFileType = sourcecode.swift; path = ProfileViewModel.swift; sourceTree = "<group>"; };
		C41094C62BE6024400E92219 /* Order.swift */ = {isa = PBXFileReference; lastKnownFileType = sourcecode.swift; path = Order.swift; sourceTree = "<group>"; };
		C41094C82BE609D300E92219 /* Status.swift */ = {isa = PBXFileReference; lastKnownFileType = sourcecode.swift; path = Status.swift; sourceTree = "<group>"; };
		C4874F9E2BE6D34400DA80F1 /* OrderCell.swift */ = {isa = PBXFileReference; lastKnownFileType = sourcecode.swift; path = OrderCell.swift; sourceTree = "<group>"; };
		C4874FA02BE80DAE00DA80F1 /* AdminOrdersView.swift */ = {isa = PBXFileReference; lastKnownFileType = sourcecode.swift; path = AdminOrdersView.swift; sourceTree = "<group>"; };
		C4874FA32BE80EB700DA80F1 /* AdminOrdersViewModel.swift */ = {isa = PBXFileReference; lastKnownFileType = sourcecode.swift; path = AdminOrdersViewModel.swift; sourceTree = "<group>"; };
		C4874FA52BE8107600DA80F1 /* OrderView.swift */ = {isa = PBXFileReference; lastKnownFileType = sourcecode.swift; path = OrderView.swift; sourceTree = "<group>"; };
		C4874FA72BE8108D00DA80F1 /* OrderViewModel.swift */ = {isa = PBXFileReference; lastKnownFileType = sourcecode.swift; path = OrderViewModel.swift; sourceTree = "<group>"; };
		C4874FA92BE821C400DA80F1 /* Info.plist */ = {isa = PBXFileReference; lastKnownFileType = text.plist; path = Info.plist; sourceTree = "<group>"; };
		C4874FAA2BE8227100DA80F1 /* ImagePicker.swift */ = {isa = PBXFileReference; lastKnownFileType = sourcecode.swift; path = ImagePicker.swift; sourceTree = "<group>"; };
		C4874FAC2BE8246C00DA80F1 /* AddProductView.swift */ = {isa = PBXFileReference; lastKnownFileType = sourcecode.swift; path = AddProductView.swift; sourceTree = "<group>"; };
		C4874FAE2BE82CDA00DA80F1 /* StorageService.swift */ = {isa = PBXFileReference; lastKnownFileType = sourcecode.swift; path = StorageService.swift; sourceTree = "<group>"; };
		C4D5A2AE2BE1429D0078DC55 /* CakeShop.app */ = {isa = PBXFileReference; explicitFileType = wrapper.application; includeInIndex = 0; path = CakeShop.app; sourceTree = BUILT_PRODUCTS_DIR; };
		C4D5A2B12BE1429D0078DC55 /* CakeShopApp.swift */ = {isa = PBXFileReference; lastKnownFileType = sourcecode.swift; path = CakeShopApp.swift; sourceTree = "<group>"; };
		C4D5A2B32BE1429D0078DC55 /* AuthView.swift */ = {isa = PBXFileReference; lastKnownFileType = sourcecode.swift; path = AuthView.swift; sourceTree = "<group>"; };
		C4D5A2B52BE1429F0078DC55 /* Assets.xcassets */ = {isa = PBXFileReference; lastKnownFileType = folder.assetcatalog; path = Assets.xcassets; sourceTree = "<group>"; };
		C4D5A2B82BE1429F0078DC55 /* Preview Assets.xcassets */ = {isa = PBXFileReference; lastKnownFileType = folder.assetcatalog; path = "Preview Assets.xcassets"; sourceTree = "<group>"; };
		C4D5A2C52BE1743F0078DC55 /* MainTabBar.swift */ = {isa = PBXFileReference; lastKnownFileType = sourcecode.swift; path = MainTabBar.swift; sourceTree = "<group>"; };
		C4D5A2C72BE17AC80078DC55 /* CatalogView.swift */ = {isa = PBXFileReference; lastKnownFileType = sourcecode.swift; path = CatalogView.swift; sourceTree = "<group>"; };
		C4D5A2C92BE17AE60078DC55 /* CartView.swift */ = {isa = PBXFileReference; lastKnownFileType = sourcecode.swift; path = CartView.swift; sourceTree = "<group>"; };
		C4D5A2CB2BE17AF80078DC55 /* ProfileView.swift */ = {isa = PBXFileReference; lastKnownFileType = sourcecode.swift; path = ProfileView.swift; sourceTree = "<group>"; };
		C4D5A2CE2BE17EE20078DC55 /* Product.swift */ = {isa = PBXFileReference; lastKnownFileType = sourcecode.swift; path = Product.swift; sourceTree = "<group>"; };
		C4D5A2D02BE17FAE0078DC55 /* ProductCell.swift */ = {isa = PBXFileReference; lastKnownFileType = sourcecode.swift; path = ProductCell.swift; sourceTree = "<group>"; };
		C4D5A2D42BE184AC0078DC55 /* CatalogViewModel.swift */ = {isa = PBXFileReference; lastKnownFileType = sourcecode.swift; path = CatalogViewModel.swift; sourceTree = "<group>"; };
		C4D5A2D72BE187A90078DC55 /* ProductDetailView.swift */ = {isa = PBXFileReference; lastKnownFileType = sourcecode.swift; path = ProductDetailView.swift; sourceTree = "<group>"; };
		C4D5A2D92BE18AF50078DC55 /* ProductFilterCell.swift */ = {isa = PBXFileReference; lastKnownFileType = sourcecode.swift; path = ProductFilterCell.swift; sourceTree = "<group>"; };
		C4D5A2DB2BE18B190078DC55 /* Filter.swift */ = {isa = PBXFileReference; lastKnownFileType = sourcecode.swift; path = Filter.swift; sourceTree = "<group>"; };
		C4D5A2DD2BE195EA0078DC55 /* Discount.swift */ = {isa = PBXFileReference; lastKnownFileType = sourcecode.swift; path = Discount.swift; sourceTree = "<group>"; };
		C4D5A2DF2BE1961A0078DC55 /* DiscountCell.swift */ = {isa = PBXFileReference; lastKnownFileType = sourcecode.swift; path = DiscountCell.swift; sourceTree = "<group>"; };
		C4D5A2E12BE1A54C0078DC55 /* DiscountDetailView.swift */ = {isa = PBXFileReference; lastKnownFileType = sourcecode.swift; path = DiscountDetailView.swift; sourceTree = "<group>"; };
/* End PBXFileReference section */

/* Begin PBXFrameworksBuildPhase section */
		C4D5A2AB2BE1429D0078DC55 /* Frameworks */ = {
			isa = PBXFrameworksBuildPhase;
			buildActionMask = 2147483647;
			files = (
				C41094B62BE42B0D00E92219 /* FirebaseAuth in Frameworks */,
				C41094B82BE42B0D00E92219 /* FirebaseFirestore in Frameworks */,
				C41094BA2BE42B0D00E92219 /* FirebaseStorage in Frameworks */,
			);
			runOnlyForDeploymentPostprocessing = 0;
		};
/* End PBXFrameworksBuildPhase section */

/* Begin PBXGroup section */
		C41094BD2BE42D0000E92219 /* Services */ = {
			isa = PBXGroup;
			children = (
				C41094BB2BE42CF900E92219 /* AuthService.swift */,
				C41094C22BE4368A00E92219 /* DatabaseService.swift */,
				C4874FAE2BE82CDA00DA80F1 /* StorageService.swift */,
			);
			path = Services;
			sourceTree = "<group>";
		};
		C4874FA22BE80DBB00DA80F1 /* AdminInterface */ = {
			isa = PBXGroup;
			children = (
				C4874FA02BE80DAE00DA80F1 /* AdminOrdersView.swift */,
				C4874FA52BE8107600DA80F1 /* OrderView.swift */,
				C4874FAC2BE8246C00DA80F1 /* AddProductView.swift */,
			);
			path = AdminInterface;
			sourceTree = "<group>";
		};
		C4D5A2A52BE1429C0078DC55 = {
			isa = PBXGroup;
			children = (
				C4D5A2B02BE1429D0078DC55 /* CakeShop */,
				C4D5A2AF2BE1429D0078DC55 /* Products */,
			);
			sourceTree = "<group>";
		};
		C4D5A2AF2BE1429D0078DC55 /* Products */ = {
			isa = PBXGroup;
			children = (
				C4D5A2AE2BE1429D0078DC55 /* CakeShop.app */,
			);
			name = Products;
			sourceTree = "<group>";
		};
		C4D5A2B02BE1429D0078DC55 /* CakeShop */ = {
			isa = PBXGroup;
			children = (
				C4874FA92BE821C400DA80F1 /* Info.plist */,
				C4D5A2B12BE1429D0078DC55 /* CakeShopApp.swift */,
				C4D5A2D32BE184900078DC55 /* Model */,
				C4D5A2CD2BE17EBE0078DC55 /* View */,
				C4D5A2D62BE184B70078DC55 /* ViewModel */,
				C41094BD2BE42D0000E92219 /* Services */,
				C4D5A2B52BE1429F0078DC55 /* Assets.xcassets */,
				C41094B12BE428C800E92219 /* GoogleService-Info.plist */,
				C4D5A2B72BE1429F0078DC55 /* Preview Content */,
			);
			path = CakeShop;
			sourceTree = "<group>";
		};
		C4D5A2B72BE1429F0078DC55 /* Preview Content */ = {
			isa = PBXGroup;
			children = (
				C4D5A2B82BE1429F0078DC55 /* Preview Assets.xcassets */,
			);
			path = "Preview Content";
			sourceTree = "<group>";
		};
		C4D5A2CD2BE17EBE0078DC55 /* View */ = {
			isa = PBXGroup;
			children = (
				C4D5A2B32BE1429D0078DC55 /* AuthView.swift */,
				C4D5A2C52BE1743F0078DC55 /* MainTabBar.swift */,
				C4D5A2C72BE17AC80078DC55 /* CatalogView.swift */,
				C4D5A2C92BE17AE60078DC55 /* CartView.swift */,
				C4D5A2CB2BE17AF80078DC55 /* ProfileView.swift */,
				C4D5A2D72BE187A90078DC55 /* ProductDetailView.swift */,
				C4D5A2E12BE1A54C0078DC55 /* DiscountDetailView.swift */,
				C4874FA22BE80DBB00DA80F1 /* AdminInterface */,
				C4D5A2D22BE17FBA0078DC55 /* Components */,
			);
			path = View;
			sourceTree = "<group>";
		};
		C4D5A2D22BE17FBA0078DC55 /* Components */ = {
			isa = PBXGroup;
			children = (
				C4D5A2D02BE17FAE0078DC55 /* ProductCell.swift */,
				C4D5A2D92BE18AF50078DC55 /* ProductFilterCell.swift */,
				C4D5A2DF2BE1961A0078DC55 /* DiscountCell.swift */,
				C41094AF2BE4077B00E92219 /* PositionCell.swift */,
				C4874F9E2BE6D34400DA80F1 /* OrderCell.swift */,
				C4874FAA2BE8227100DA80F1 /* ImagePicker.swift */,
			);
			path = Components;
			sourceTree = "<group>";
		};
		C4D5A2D32BE184900078DC55 /* Model */ = {
			isa = PBXGroup;
			children = (
				C4D5A2CE2BE17EE20078DC55 /* Product.swift */,
				C4D5A2DB2BE18B190078DC55 /* Filter.swift */,
				C4D5A2DD2BE195EA0078DC55 /* Discount.swift */,
				C41094AD2BE2F2FE00E92219 /* Position.swift */,
				C41094C02BE4359200E92219 /* MBUser.swift */,
				C41094C62BE6024400E92219 /* Order.swift */,
				C41094C82BE609D300E92219 /* Status.swift */,
			);
			path = Model;
			sourceTree = "<group>";
		};
		C4D5A2D62BE184B70078DC55 /* ViewModel */ = {
			isa = PBXGroup;
			children = (
				C4D5A2D42BE184AC0078DC55 /* CatalogViewModel.swift */,
				C41094A92BE2C67B00E92219 /* ProductDetailViewModel.swift */,
				C41094AB2BE2F2C400E92219 /* CartViewModel.swift */,
				C41094BE2BE4339B00E92219 /* MainTabBarViewModel.swift */,
				C41094C42BE56B5300E92219 /* ProfileViewModel.swift */,
				C4874FA32BE80EB700DA80F1 /* AdminOrdersViewModel.swift */,
				C4874FA72BE8108D00DA80F1 /* OrderViewModel.swift */,
			);
			path = ViewModel;
			sourceTree = "<group>";
		};
/* End PBXGroup section */

/* Begin PBXNativeTarget section */
		C4D5A2AD2BE1429D0078DC55 /* CakeShop */ = {
			isa = PBXNativeTarget;
			buildConfigurationList = C4D5A2BC2BE1429F0078DC55 /* Build configuration list for PBXNativeTarget "CakeShop" */;
			buildPhases = (
				C4D5A2AA2BE1429D0078DC55 /* Sources */,
				C4D5A2AB2BE1429D0078DC55 /* Frameworks */,
				C4D5A2AC2BE1429D0078DC55 /* Resources */,
			);
			buildRules = (
			);
			dependencies = (
			);
			name = CakeShop;
			packageProductDependencies = (
				C41094B52BE42B0D00E92219 /* FirebaseAuth */,
				C41094B72BE42B0D00E92219 /* FirebaseFirestore */,
				C41094B92BE42B0D00E92219 /* FirebaseStorage */,
			);
			productName = CakeShop;
			productReference = C4D5A2AE2BE1429D0078DC55 /* CakeShop.app */;
			productType = "com.apple.product-type.application";
		};
/* End PBXNativeTarget section */

/* Begin PBXProject section */
		C4D5A2A62BE1429C0078DC55 /* Project object */ = {
			isa = PBXProject;
			attributes = {
				BuildIndependentTargetsInParallel = 1;
				LastSwiftUpdateCheck = 1530;
				LastUpgradeCheck = 1530;
				TargetAttributes = {
					C4D5A2AD2BE1429D0078DC55 = {
						CreatedOnToolsVersion = 15.3;
					};
				};
			};
			buildConfigurationList = C4D5A2A92BE1429C0078DC55 /* Build configuration list for PBXProject "CakeShop" */;
			compatibilityVersion = "Xcode 14.0";
			developmentRegion = en;
			hasScannedForEncodings = 0;
			knownRegions = (
				en,
				Base,
			);
			mainGroup = C4D5A2A52BE1429C0078DC55;
			packageReferences = (
				C41094B42BE42B0D00E92219 /* XCRemoteSwiftPackageReference "firebase-ios-sdk" */,
			);
			productRefGroup = C4D5A2AF2BE1429D0078DC55 /* Products */;
			projectDirPath = "";
			projectRoot = "";
			targets = (
				C4D5A2AD2BE1429D0078DC55 /* CakeShop */,
			);
		};
/* End PBXProject section */

/* Begin PBXResourcesBuildPhase section */
		C4D5A2AC2BE1429D0078DC55 /* Resources */ = {
			isa = PBXResourcesBuildPhase;
			buildActionMask = 2147483647;
			files = (
				C4D5A2B92BE1429F0078DC55 /* Preview Assets.xcassets in Resources */,
				C4D5A2B62BE1429F0078DC55 /* Assets.xcassets in Resources */,
				C41094B22BE428C800E92219 /* GoogleService-Info.plist in Resources */,
			);
			runOnlyForDeploymentPostprocessing = 0;
		};
/* End PBXResourcesBuildPhase section */

/* Begin PBXSourcesBuildPhase section */
		C4D5A2AA2BE1429D0078DC55 /* Sources */ = {
			isa = PBXSourcesBuildPhase;
			buildActionMask = 2147483647;
			files = (
				C4D5A2CA2BE17AE60078DC55 /* CartView.swift in Sources */,
				C4D5A2DC2BE18B190078DC55 /* Filter.swift in Sources */,
				C4D5A2D82BE187A90078DC55 /* ProductDetailView.swift in Sources */,
				C41094B02BE4077B00E92219 /* PositionCell.swift in Sources */,
				C4D5A2E22BE1A54D0078DC55 /* DiscountDetailView.swift in Sources */,
				C4D5A2C62BE1743F0078DC55 /* MainTabBar.swift in Sources */,
				C41094C52BE56B5300E92219 /* ProfileViewModel.swift in Sources */,
				C4D5A2B42BE1429D0078DC55 /* AuthView.swift in Sources */,
				C4874FA42BE80EB700DA80F1 /* AdminOrdersViewModel.swift in Sources */,
				C4874FA62BE8107600DA80F1 /* OrderView.swift in Sources */,
				C41094BC2BE42CF900E92219 /* AuthService.swift in Sources */,
				C41094C92BE609D300E92219 /* Status.swift in Sources */,
				C41094AC2BE2F2C400E92219 /* CartViewModel.swift in Sources */,
				C4874FAB2BE8227100DA80F1 /* ImagePicker.swift in Sources */,
				C4D5A2C82BE17AC80078DC55 /* CatalogView.swift in Sources */,
				C41094C12BE4359200E92219 /* MBUser.swift in Sources */,
				C4874F9F2BE6D34500DA80F1 /* OrderCell.swift in Sources */,
				C41094C72BE6024400E92219 /* Order.swift in Sources */,
				C41094AE2BE2F2FE00E92219 /* Position.swift in Sources */,
				C41094AA2BE2C67B00E92219 /* ProductDetailViewModel.swift in Sources */,
				C41094BF2BE4339B00E92219 /* MainTabBarViewModel.swift in Sources */,
				C4D5A2DE2BE195EA0078DC55 /* Discount.swift in Sources */,
				C4874FA12BE80DAE00DA80F1 /* AdminOrdersView.swift in Sources */,
				C4D5A2DA2BE18AF50078DC55 /* ProductFilterCell.swift in Sources */,
				C4D5A2CC2BE17AF80078DC55 /* ProfileView.swift in Sources */,
				C4D5A2D12BE17FAE0078DC55 /* ProductCell.swift in Sources */,
				C4D5A2E02BE1961A0078DC55 /* DiscountCell.swift in Sources */,
				C4874FAD2BE8246C00DA80F1 /* AddProductView.swift in Sources */,
				C4D5A2B22BE1429D0078DC55 /* CakeShopApp.swift in Sources */,
				C4874FAF2BE82CDA00DA80F1 /* StorageService.swift in Sources */,
				C4D5A2CF2BE17EE20078DC55 /* Product.swift in Sources */,
				C4874FA82BE8108D00DA80F1 /* OrderViewModel.swift in Sources */,
				C4D5A2D52BE184AC0078DC55 /* CatalogViewModel.swift in Sources */,
				C41094C32BE4368A00E92219 /* DatabaseService.swift in Sources */,
			);
			runOnlyForDeploymentPostprocessing = 0;
		};
/* End PBXSourcesBuildPhase section */

/* Begin XCBuildConfiguration section */
		C4D5A2BA2BE1429F0078DC55 /* Debug */ = {
			isa = XCBuildConfiguration;
			buildSettings = {
				ALWAYS_SEARCH_USER_PATHS = NO;
				ASSETCATALOG_COMPILER_GENERATE_SWIFT_ASSET_SYMBOL_EXTENSIONS = YES;
				CLANG_ANALYZER_NONNULL = YES;
				CLANG_ANALYZER_NUMBER_OBJECT_CONVERSION = YES_AGGRESSIVE;
				CLANG_CXX_LANGUAGE_STANDARD = "gnu++20";
				CLANG_ENABLE_MODULES = YES;
				CLANG_ENABLE_OBJC_ARC = YES;
				CLANG_ENABLE_OBJC_WEAK = YES;
				CLANG_WARN_BLOCK_CAPTURE_AUTORELEASING = YES;
				CLANG_WARN_BOOL_CONVERSION = YES;
				CLANG_WARN_COMMA = YES;
				CLANG_WARN_CONSTANT_CONVERSION = YES;
				CLANG_WARN_DEPRECATED_OBJC_IMPLEMENTATIONS = YES;
				CLANG_WARN_DIRECT_OBJC_ISA_USAGE = YES_ERROR;
				CLANG_WARN_DOCUMENTATION_COMMENTS = YES;
				CLANG_WARN_EMPTY_BODY = YES;
				CLANG_WARN_ENUM_CONVERSION = YES;
				CLANG_WARN_INFINITE_RECURSION = YES;
				CLANG_WARN_INT_CONVERSION = YES;
				CLANG_WARN_NON_LITERAL_NULL_CONVERSION = YES;
				CLANG_WARN_OBJC_IMPLICIT_RETAIN_SELF = YES;
				CLANG_WARN_OBJC_LITERAL_CONVERSION = YES;
				CLANG_WARN_OBJC_ROOT_CLASS = YES_ERROR;
				CLANG_WARN_QUOTED_INCLUDE_IN_FRAMEWORK_HEADER = YES;
				CLANG_WARN_RANGE_LOOP_ANALYSIS = YES;
				CLANG_WARN_STRICT_PROTOTYPES = YES;
				CLANG_WARN_SUSPICIOUS_MOVE = YES;
				CLANG_WARN_UNGUARDED_AVAILABILITY = YES_AGGRESSIVE;
				CLANG_WARN_UNREACHABLE_CODE = YES;
				CLANG_WARN__DUPLICATE_METHOD_MATCH = YES;
				COPY_PHASE_STRIP = NO;
				DEBUG_INFORMATION_FORMAT = dwarf;
				ENABLE_STRICT_OBJC_MSGSEND = YES;
				ENABLE_TESTABILITY = YES;
				ENABLE_USER_SCRIPT_SANDBOXING = YES;
				GCC_C_LANGUAGE_STANDARD = gnu17;
				GCC_DYNAMIC_NO_PIC = NO;
				GCC_NO_COMMON_BLOCKS = YES;
				GCC_OPTIMIZATION_LEVEL = 0;
				GCC_PREPROCESSOR_DEFINITIONS = (
					"DEBUG=1",
					"$(inherited)",
				);
				GCC_WARN_64_TO_32_BIT_CONVERSION = YES;
				GCC_WARN_ABOUT_RETURN_TYPE = YES_ERROR;
				GCC_WARN_UNDECLARED_SELECTOR = YES;
				GCC_WARN_UNINITIALIZED_AUTOS = YES_AGGRESSIVE;
				GCC_WARN_UNUSED_FUNCTION = YES;
				GCC_WARN_UNUSED_VARIABLE = YES;
				IPHONEOS_DEPLOYMENT_TARGET = 17.4;
				LOCALIZATION_PREFERS_STRING_CATALOGS = YES;
				MTL_ENABLE_DEBUG_INFO = INCLUDE_SOURCE;
				MTL_FAST_MATH = YES;
				ONLY_ACTIVE_ARCH = YES;
				SDKROOT = iphoneos;
				SWIFT_ACTIVE_COMPILATION_CONDITIONS = "DEBUG $(inherited)";
				SWIFT_OPTIMIZATION_LEVEL = "-Onone";
			};
			name = Debug;
		};
		C4D5A2BB2BE1429F0078DC55 /* Release */ = {
			isa = XCBuildConfiguration;
			buildSettings = {
				ALWAYS_SEARCH_USER_PATHS = NO;
				ASSETCATALOG_COMPILER_GENERATE_SWIFT_ASSET_SYMBOL_EXTENSIONS = YES;
				CLANG_ANALYZER_NONNULL = YES;
				CLANG_ANALYZER_NUMBER_OBJECT_CONVERSION = YES_AGGRESSIVE;
				CLANG_CXX_LANGUAGE_STANDARD = "gnu++20";
				CLANG_ENABLE_MODULES = YES;
				CLANG_ENABLE_OBJC_ARC = YES;
				CLANG_ENABLE_OBJC_WEAK = YES;
				CLANG_WARN_BLOCK_CAPTURE_AUTORELEASING = YES;
				CLANG_WARN_BOOL_CONVERSION = YES;
				CLANG_WARN_COMMA = YES;
				CLANG_WARN_CONSTANT_CONVERSION = YES;
				CLANG_WARN_DEPRECATED_OBJC_IMPLEMENTATIONS = YES;
				CLANG_WARN_DIRECT_OBJC_ISA_USAGE = YES_ERROR;
				CLANG_WARN_DOCUMENTATION_COMMENTS = YES;
				CLANG_WARN_EMPTY_BODY = YES;
				CLANG_WARN_ENUM_CONVERSION = YES;
				CLANG_WARN_INFINITE_RECURSION = YES;
				CLANG_WARN_INT_CONVERSION = YES;
				CLANG_WARN_NON_LITERAL_NULL_CONVERSION = YES;
				CLANG_WARN_OBJC_IMPLICIT_RETAIN_SELF = YES;
				CLANG_WARN_OBJC_LITERAL_CONVERSION = YES;
				CLANG_WARN_OBJC_ROOT_CLASS = YES_ERROR;
				CLANG_WARN_QUOTED_INCLUDE_IN_FRAMEWORK_HEADER = YES;
				CLANG_WARN_RANGE_LOOP_ANALYSIS = YES;
				CLANG_WARN_STRICT_PROTOTYPES = YES;
				CLANG_WARN_SUSPICIOUS_MOVE = YES;
				CLANG_WARN_UNGUARDED_AVAILABILITY = YES_AGGRESSIVE;
				CLANG_WARN_UNREACHABLE_CODE = YES;
				CLANG_WARN__DUPLICATE_METHOD_MATCH = YES;
				COPY_PHASE_STRIP = NO;
				DEBUG_INFORMATION_FORMAT = "dwarf-with-dsym";
				ENABLE_NS_ASSERTIONS = NO;
				ENABLE_STRICT_OBJC_MSGSEND = YES;
				ENABLE_USER_SCRIPT_SANDBOXING = YES;
				GCC_C_LANGUAGE_STANDARD = gnu17;
				GCC_NO_COMMON_BLOCKS = YES;
				GCC_WARN_64_TO_32_BIT_CONVERSION = YES;
				GCC_WARN_ABOUT_RETURN_TYPE = YES_ERROR;
				GCC_WARN_UNDECLARED_SELECTOR = YES;
				GCC_WARN_UNINITIALIZED_AUTOS = YES_AGGRESSIVE;
				GCC_WARN_UNUSED_FUNCTION = YES;
				GCC_WARN_UNUSED_VARIABLE = YES;
				IPHONEOS_DEPLOYMENT_TARGET = 17.4;
				LOCALIZATION_PREFERS_STRING_CATALOGS = YES;
				MTL_ENABLE_DEBUG_INFO = NO;
				MTL_FAST_MATH = YES;
				SDKROOT = iphoneos;
				SWIFT_COMPILATION_MODE = wholemodule;
				VALIDATE_PRODUCT = YES;
			};
			name = Release;
		};
		C4D5A2BD2BE1429F0078DC55 /* Debug */ = {
			isa = XCBuildConfiguration;
			buildSettings = {
				ASSETCATALOG_COMPILER_APPICON_NAME = AppIcon;
				ASSETCATALOG_COMPILER_GLOBAL_ACCENT_COLOR_NAME = AccentColor;
				CODE_SIGN_STYLE = Automatic;
				CURRENT_PROJECT_VERSION = 1;
				DEVELOPMENT_ASSET_PATHS = "\"CakeShop/Preview Content\"";
				DEVELOPMENT_TEAM = 477SFTV837;
				ENABLE_PREVIEWS = YES;
				GENERATE_INFOPLIST_FILE = YES;
				INFOPLIST_FILE = CakeShop/Info.plist;
				INFOPLIST_KEY_NSCameraUsageDescription = "Разрешите использовать камеру";
				INFOPLIST_KEY_NSPhotoLibraryUsageDescription = "Разрешите открыть галерею";
				INFOPLIST_KEY_UIApplicationSceneManifest_Generation = YES;
				INFOPLIST_KEY_UIApplicationSupportsIndirectInputEvents = YES;
				INFOPLIST_KEY_UILaunchScreen_Generation = YES;
				INFOPLIST_KEY_UISupportedInterfaceOrientations_iPad = "UIInterfaceOrientationPortrait UIInterfaceOrientationPortraitUpsideDown UIInterfaceOrientationLandscapeLeft UIInterfaceOrientationLandscapeRight";
				INFOPLIST_KEY_UISupportedInterfaceOrientations_iPhone = "UIInterfaceOrientationPortrait UIInterfaceOrientationLandscapeLeft UIInterfaceOrientationLandscapeRight";
				LD_RUNPATH_SEARCH_PATHS = (
					"$(inherited)",
					"@executable_path/Frameworks",
				);
				MARKETING_VERSION = 1.0;
				PRODUCT_BUNDLE_IDENTIFIER = mereybulatova.CakeShop;
				PRODUCT_NAME = "$(TARGET_NAME)";
				SWIFT_EMIT_LOC_STRINGS = YES;
				SWIFT_VERSION = 5.0;
				TARGETED_DEVICE_FAMILY = "1,2";
			};
			name = Debug;
		};
		C4D5A2BE2BE1429F0078DC55 /* Release */ = {
			isa = XCBuildConfiguration;
			buildSettings = {
				ASSETCATALOG_COMPILER_APPICON_NAME = AppIcon;
				ASSETCATALOG_COMPILER_GLOBAL_ACCENT_COLOR_NAME = AccentColor;
				CODE_SIGN_STYLE = Automatic;
				CURRENT_PROJECT_VERSION = 1;
				DEVELOPMENT_ASSET_PATHS = "\"CakeShop/Preview Content\"";
				DEVELOPMENT_TEAM = 477SFTV837;
				ENABLE_PREVIEWS = YES;
				GENERATE_INFOPLIST_FILE = YES;
				INFOPLIST_FILE = CakeShop/Info.plist;
				INFOPLIST_KEY_NSCameraUsageDescription = "Разрешите использовать камеру";
				INFOPLIST_KEY_NSPhotoLibraryUsageDescription = "Разрешите открыть галерею";
				INFOPLIST_KEY_UIApplicationSceneManifest_Generation = YES;
				INFOPLIST_KEY_UIApplicationSupportsIndirectInputEvents = YES;
				INFOPLIST_KEY_UILaunchScreen_Generation = YES;
				INFOPLIST_KEY_UISupportedInterfaceOrientations_iPad = "UIInterfaceOrientationPortrait UIInterfaceOrientationPortraitUpsideDown UIInterfaceOrientationLandscapeLeft UIInterfaceOrientationLandscapeRight";
				INFOPLIST_KEY_UISupportedInterfaceOrientations_iPhone = "UIInterfaceOrientationPortrait UIInterfaceOrientationLandscapeLeft UIInterfaceOrientationLandscapeRight";
				LD_RUNPATH_SEARCH_PATHS = (
					"$(inherited)",
					"@executable_path/Frameworks",
				);
				MARKETING_VERSION = 1.0;
				PRODUCT_BUNDLE_IDENTIFIER = mereybulatova.CakeShop;
				PRODUCT_NAME = "$(TARGET_NAME)";
				SWIFT_EMIT_LOC_STRINGS = YES;
				SWIFT_VERSION = 5.0;
				TARGETED_DEVICE_FAMILY = "1,2";
			};
			name = Release;
		};
/* End XCBuildConfiguration section */

/* Begin XCConfigurationList section */
		C4D5A2A92BE1429C0078DC55 /* Build configuration list for PBXProject "CakeShop" */ = {
			isa = XCConfigurationList;
			buildConfigurations = (
				C4D5A2BA2BE1429F0078DC55 /* Debug */,
				C4D5A2BB2BE1429F0078DC55 /* Release */,
			);
			defaultConfigurationIsVisible = 0;
			defaultConfigurationName = Release;
		};
		C4D5A2BC2BE1429F0078DC55 /* Build configuration list for PBXNativeTarget "CakeShop" */ = {
			isa = XCConfigurationList;
			buildConfigurations = (
				C4D5A2BD2BE1429F0078DC55 /* Debug */,
				C4D5A2BE2BE1429F0078DC55 /* Release */,
			);
			defaultConfigurationIsVisible = 0;
			defaultConfigurationName = Release;
		};
/* End XCConfigurationList section */

/* Begin XCRemoteSwiftPackageReference section */
		C41094B42BE42B0D00E92219 /* XCRemoteSwiftPackageReference "firebase-ios-sdk" */ = {
			isa = XCRemoteSwiftPackageReference;
			repositoryURL = "https://github.com/firebase/firebase-ios-sdk";
			requirement = {
				kind = upToNextMajorVersion;
				minimumVersion = 10.25.0;
			};
		};
/* End XCRemoteSwiftPackageReference section */

/* Begin XCSwiftPackageProductDependency section */
		C41094B52BE42B0D00E92219 /* FirebaseAuth */ = {
			isa = XCSwiftPackageProductDependency;
			package = C41094B42BE42B0D00E92219 /* XCRemoteSwiftPackageReference "firebase-ios-sdk" */;
			productName = FirebaseAuth;
		};
		C41094B72BE42B0D00E92219 /* FirebaseFirestore */ = {
			isa = XCSwiftPackageProductDependency;
			package = C41094B42BE42B0D00E92219 /* XCRemoteSwiftPackageReference "firebase-ios-sdk" */;
			productName = FirebaseFirestore;
		};
		C41094B92BE42B0D00E92219 /* FirebaseStorage */ = {
			isa = XCSwiftPackageProductDependency;
			package = C41094B42BE42B0D00E92219 /* XCRemoteSwiftPackageReference "firebase-ios-sdk" */;
			productName = FirebaseStorage;
		};
/* End XCSwiftPackageProductDependency section */
	};
	rootObject = C4D5A2A62BE1429C0078DC55 /* Project object */;
}
